
Microsoft Visual Studio Solution File, Format Version 12.00
# Visual Studio Version 17
VisualStudioVersion = 17.14.36511.14 d17.14
MinimumVisualStudioVersion = 10.0.40219.1
Project("{FAE04EC0-301F-11D3-BF4B-00C04F79EFBC}") = "WebShop.Domain", "WebShop.Domain\WebShop.Domain.csproj", "{35E440C9-5A17-4ADB-BCDC-B59CBFD67FD1}"
EndProject
Project("{2150E333-8FDC-42A3-9474-1A3956D46DE8}") = "src", "src", "{02EA681E-C7D8-13C7-8484-4AC65E1B71E8}"
EndProject
Project("{2150E333-8FDC-42A3-9474-1A3956D46DE8}") = "doc", "doc", "{8F27E7E3-DD47-4A62-AE50-F7FEBD805A26}"
EndProject
Project("{2150E333-8FDC-42A3-9474-1A3956D46DE8}") = "Test", "Test", "{BDC47BEB-2A8D-4979-AFBD-39D6B8688AC6}"
EndProject
Project("{2150E333-8FDC-42A3-9474-1A3956D46DE8}") = "Core", "Core", "{6850AD5B-724B-43D7-8E83-B84B55CBE488}"
EndProject
Project("{2150E333-8FDC-42A3-9474-1A3956D46DE8}") = "Framework", "Framework", "{317B88AC-48B5-45A4-8B38-CDC8C30C7957}"
EndProject
Project("{2150E333-8FDC-42A3-9474-1A3956D46DE8}") = "Presentation", "Presentation", "{80E88F51-488E-4D93-A724-05BEC29522FA}"
EndProject
Project("{2150E333-8FDC-42A3-9474-1A3956D46DE8}") = "Infrastructure", "Infrastructure", "{3025C980-C986-498D-B013-6EB7DF5783C6}"
EndProject
Project("{FAE04EC0-301F-11D3-BF4B-00C04F79EFBC}") = "WebShop.Application", "WebShop.Application\WebShop.Application.csproj", "{D308CE3E-62C7-4855-BCF8-F9D049A65B33}"
EndProject
Project("{FAE04EC0-301F-11D3-BF4B-00C04F79EFBC}") = "WebShop.Framework", "WebShop.Framework\WebShop.Framework.csproj", "{FF5B3C10-E4FC-473B-BBA8-1CA5D1788D72}"
EndProject
Project("{FAE04EC0-301F-11D3-BF4B-00C04F79EFBC}") = "WebShop.Infrastructure", "WebShop.Infrastructure\WebShop.Infrastructure.csproj", "{8715497D-3E27-4C70-8017-EDF5D0258DC6}"
EndProject
Project("{FAE04EC0-301F-11D3-BF4B-00C04F79EFBC}") = "WebShop.Persistence", "WebShop.Persistence\WebShop.Persistence.csproj", "{2919FA78-4EA4-46F9-B547-DF90B0C1F8ED}"
EndProject
Project("{FAE04EC0-301F-11D3-BF4B-00C04F79EFBC}") = "WebShop.WebSite", "WebShop.WebSite\WebShop.WebSite.csproj", "{99B5BF24-57E8-4B99-A91A-BFBC272AC313}"
EndProject
Global
	GlobalSection(SolutionConfigurationPlatforms) = preSolution
		Debug|Any CPU = Debug|Any CPU
		Release|Any CPU = Release|Any CPU
	EndGlobalSection
	GlobalSection(ProjectConfigurationPlatforms) = postSolution
		{35E440C9-5A17-4ADB-BCDC-B59CBFD67FD1}.Debug|Any CPU.ActiveCfg = Debug|Any CPU
		{35E440C9-5A17-4ADB-BCDC-B59CBFD67FD1}.Debug|Any CPU.Build.0 = Debug|Any CPU
		{35E440C9-5A17-4ADB-BCDC-B59CBFD67FD1}.Release|Any CPU.ActiveCfg = Release|Any CPU
		{35E440C9-5A17-4ADB-BCDC-B59CBFD67FD1}.Release|Any CPU.Build.0 = Release|Any CPU
		{D308CE3E-62C7-4855-BCF8-F9D049A65B33}.Debug|Any CPU.ActiveCfg = Debug|Any CPU
		{D308CE3E-62C7-4855-BCF8-F9D049A65B33}.Debug|Any CPU.Build.0 = Debug|Any CPU
		{D308CE3E-62C7-4855-BCF8-F9D049A65B33}.Release|Any CPU.ActiveCfg = Release|Any CPU
		{D308CE3E-62C7-4855-BCF8-F9D049A65B33}.Release|Any CPU.Build.0 = Release|Any CPU
		{FF5B3C10-E4FC-473B-BBA8-1CA5D1788D72}.Debug|Any CPU.ActiveCfg = Debug|Any CPU
		{FF5B3C10-E4FC-473B-BBA8-1CA5D1788D72}.Debug|Any CPU.Build.0 = Debug|Any CPU
		{FF5B3C10-E4FC-473B-BBA8-1CA5D1788D72}.Release|Any CPU.ActiveCfg = Release|Any CPU
		{FF5B3C10-E4FC-473B-BBA8-1CA5D1788D72}.Release|Any CPU.Build.0 = Release|Any CPU
		{8715497D-3E27-4C70-8017-EDF5D0258DC6}.Debug|Any CPU.ActiveCfg = Debug|Any CPU
		{8715497D-3E27-4C70-8017-EDF5D0258DC6}.Debug|Any CPU.Build.0 = Debug|Any CPU
		{8715497D-3E27-4C70-8017-EDF5D0258DC6}.Release|Any CPU.ActiveCfg = Release|Any CPU
		{8715497D-3E27-4C70-8017-EDF5D0258DC6}.Release|Any CPU.Build.0 = Release|Any CPU
		{2919FA78-4EA4-46F9-B547-DF90B0C1F8ED}.Debug|Any CPU.ActiveCfg = Debug|Any CPU
		{2919FA78-4EA4-46F9-B547-DF90B0C1F8ED}.Debug|Any CPU.Build.0 = Debug|Any CPU
		{2919FA78-4EA4-46F9-B547-DF90B0C1F8ED}.Release|Any CPU.ActiveCfg = Release|Any CPU
		{2919FA78-4EA4-46F9-B547-DF90B0C1F8ED}.Release|Any CPU.Build.0 = Release|Any CPU
		{99B5BF24-57E8-4B99-A91A-BFBC272AC313}.Debug|Any CPU.ActiveCfg = Debug|Any CPU
		{99B5BF24-57E8-4B99-A91A-BFBC272AC313}.Debug|Any CPU.Build.0 = Debug|Any CPU
		{99B5BF24-57E8-4B99-A91A-BFBC272AC313}.Release|Any CPU.ActiveCfg = Release|Any CPU
		{99B5BF24-57E8-4B99-A91A-BFBC272AC313}.Release|Any CPU.Build.0 = Release|Any CPU
	EndGlobalSection
	GlobalSection(SolutionProperties) = preSolution
		HideSolutionNode = FALSE
	EndGlobalSection
	GlobalSection(NestedProjects) = preSolution
		{35E440C9-5A17-4ADB-BCDC-B59CBFD67FD1} = {6850AD5B-724B-43D7-8E83-B84B55CBE488}
		{6850AD5B-724B-43D7-8E83-B84B55CBE488} = {02EA681E-C7D8-13C7-8484-4AC65E1B71E8}
		{317B88AC-48B5-45A4-8B38-CDC8C30C7957} = {02EA681E-C7D8-13C7-8484-4AC65E1B71E8}
		{80E88F51-488E-4D93-A724-05BEC29522FA} = {02EA681E-C7D8-13C7-8484-4AC65E1B71E8}
		{3025C980-C986-498D-B013-6EB7DF5783C6} = {02EA681E-C7D8-13C7-8484-4AC65E1B71E8}
		{D308CE3E-62C7-4855-BCF8-F9D049A65B33} = {6850AD5B-724B-43D7-8E83-B84B55CBE488}
		{FF5B3C10-E4FC-473B-BBA8-1CA5D1788D72} = {317B88AC-48B5-45A4-8B38-CDC8C30C7957}
		{8715497D-3E27-4C70-8017-EDF5D0258DC6} = {3025C980-C986-498D-B013-6EB7DF5783C6}
		{2919FA78-4EA4-46F9-B547-DF90B0C1F8ED} = {3025C980-C986-498D-B013-6EB7DF5783C6}
		{99B5BF24-57E8-4B99-A91A-BFBC272AC313} = {80E88F51-488E-4D93-A724-05BEC29522FA}
	EndGlobalSection
	GlobalSection(ExtensibilityGlobals) = postSolution
		SolutionGuid = {41220FC4-0B01-4A5C-B81E-ABD95B339675}
	EndGlobalSection
EndGlobal
